
Microsoft Visual Studio Solution File, Format Version 12.00
# Visual Studio Version 16
VisualStudioVersion = 16.0.31613.86
MinimumVisualStudioVersion = 10.0.40219.1
Project("{FAE04EC0-301F-11D3-BF4B-00C04F79EFBC}") = "ooptask1", "ooptask1\ooptask1.csproj", "{AC5DB76A-0F04-465E-A767-C2E79A492FDE}"
EndProject
Global
	GlobalSection(SolutionConfigurationPlatforms) = preSolution
		Debug|Any CPU = Debug|Any CPU
		Release|Any CPU = Release|Any CPU
	EndGlobalSection
	GlobalSection(ProjectConfigurationPlatforms) = postSolution
		{AC5DB76A-0F04-465E-A767-C2E79A492FDE}.Debug|Any CPU.ActiveCfg = Debug|Any CPU
		{AC5DB76A-0F04-465E-A767-C2E79A492FDE}.Debug|Any CPU.Build.0 = Debug|Any CPU
		{AC5DB76A-0F04-465E-A767-C2E79A492FDE}.Release|Any CPU.ActiveCfg = Release|Any CPU
		{AC5DB76A-0F04-465E-A767-C2E79A492FDE}.Release|Any CPU.Build.0 = Release|Any CPU
	EndGlobalSection
	GlobalSection(SolutionProperties) = preSolution
		HideSolutionNode = FALSE
	EndGlobalSection
	GlobalSection(ExtensibilityGlobals) = postSolution
		SolutionGuid = {A76DEF1E-B0A6-461A-BA1F-B47E10DD0920}
	EndGlobalSection
EndGlobal
